// !$*UTF8*$!
{
	archiveVersion = 1;
	classes = {
	};
	objectVersion = 56;
	objects = {

/* Begin PBXBuildFile section */
		B2074B5B2A43FEFB00C6755F /* FrameworkDetailView.swift in Sources */ = {isa = PBXBuildFile; fileRef = B2074B5A2A43FEFB00C6755F /* FrameworkDetailView.swift */; };
		B2074B5D2A44011400C6755F /* AFButton.swift in Sources */ = {isa = PBXBuildFile; fileRef = B2074B5C2A44011400C6755F /* AFButton.swift */; };
		B2074B5F2A4403CF00C6755F /* FrameworkGridViewModel.swift in Sources */ = {isa = PBXBuildFile; fileRef = B2074B5E2A4403CF00C6755F /* FrameworkGridViewModel.swift */; };
		B2074B612A4407F300C6755F /* SafariView.swift in Sources */ = {isa = PBXBuildFile; fileRef = B2074B602A4407F300C6755F /* SafariView.swift */; };
		B2173F992A42B2A5006F53E5 /* Apple_FrameworksApp.swift in Sources */ = {isa = PBXBuildFile; fileRef = B2173F982A42B2A5006F53E5 /* Apple_FrameworksApp.swift */; };
		B2173F9D2A42B2A6006F53E5 /* Assets.xcassets in Resources */ = {isa = PBXBuildFile; fileRef = B2173F9C2A42B2A6006F53E5 /* Assets.xcassets */; };
		B2173FA02A42B2A6006F53E5 /* Preview Assets.xcassets in Resources */ = {isa = PBXBuildFile; fileRef = B2173F9F2A42B2A6006F53E5 /* Preview Assets.xcassets */; };
		B2173FA72A42B2D0006F53E5 /* Framework.swift in Sources */ = {isa = PBXBuildFile; fileRef = B2173FA62A42B2D0006F53E5 /* Framework.swift */; };
		B2173FA92A42B3DE006F53E5 /* FrameworkGridView.swift in Sources */ = {isa = PBXBuildFile; fileRef = B2173FA82A42B3DE006F53E5 /* FrameworkGridView.swift */; };
		B2CDE3572A45228B00E2EF7A /* FrameworkTitleView.swift in Sources */ = {isa = PBXBuildFile; fileRef = B2CDE3562A45228B00E2EF7A /* FrameworkTitleView.swift */; };
		B2CDE3592A4522EB00E2EF7A /* XDismissButton.swift in Sources */ = {isa = PBXBuildFile; fileRef = B2CDE3582A4522EB00E2EF7A /* XDismissButton.swift */; };
/* End PBXBuildFile section */

/* Begin PBXFileReference section */
		B2074B5A2A43FEFB00C6755F /* FrameworkDetailView.swift */ = {isa = PBXFileReference; lastKnownFileType = sourcecode.swift; path = FrameworkDetailView.swift; sourceTree = "<group>"; };
		B2074B5C2A44011400C6755F /* AFButton.swift */ = {isa = PBXFileReference; lastKnownFileType = sourcecode.swift; path = AFButton.swift; sourceTree = "<group>"; };
		B2074B5E2A4403CF00C6755F /* FrameworkGridViewModel.swift */ = {isa = PBXFileReference; lastKnownFileType = sourcecode.swift; path = FrameworkGridViewModel.swift; sourceTree = "<group>"; };
		B2074B602A4407F300C6755F /* SafariView.swift */ = {isa = PBXFileReference; lastKnownFileType = sourcecode.swift; path = SafariView.swift; sourceTree = "<group>"; };
		B2173F952A42B2A5006F53E5 /* Apple-Frameworks.app */ = {isa = PBXFileReference; explicitFileType = wrapper.application; includeInIndex = 0; path = "Apple-Frameworks.app"; sourceTree = BUILT_PRODUCTS_DIR; };
		B2173F982A42B2A5006F53E5 /* Apple_FrameworksApp.swift */ = {isa = PBXFileReference; lastKnownFileType = sourcecode.swift; path = Apple_FrameworksApp.swift; sourceTree = "<group>"; };
		B2173F9C2A42B2A6006F53E5 /* Assets.xcassets */ = {isa = PBXFileReference; lastKnownFileType = folder.assetcatalog; path = Assets.xcassets; sourceTree = "<group>"; };
		B2173F9F2A42B2A6006F53E5 /* Preview Assets.xcassets */ = {isa = PBXFileReference; lastKnownFileType = folder.assetcatalog; path = "Preview Assets.xcassets"; sourceTree = "<group>"; };
		B2173FA62A42B2D0006F53E5 /* Framework.swift */ = {isa = PBXFileReference; lastKnownFileType = sourcecode.swift; path = Framework.swift; sourceTree = "<group>"; };
		B2173FA82A42B3DE006F53E5 /* FrameworkGridView.swift */ = {isa = PBXFileReference; lastKnownFileType = sourcecode.swift; path = FrameworkGridView.swift; sourceTree = "<group>"; };
		B2CDE3562A45228B00E2EF7A /* FrameworkTitleView.swift */ = {isa = PBXFileReference; lastKnownFileType = sourcecode.swift; path = FrameworkTitleView.swift; sourceTree = "<group>"; };
		B2CDE3582A4522EB00E2EF7A /* XDismissButton.swift */ = {isa = PBXFileReference; lastKnownFileType = sourcecode.swift; path = XDismissButton.swift; sourceTree = "<group>"; };
/* End PBXFileReference section */

/* Begin PBXFrameworksBuildPhase section */
		B2173F922A42B2A5006F53E5 /* Frameworks */ = {
			isa = PBXFrameworksBuildPhase;
			buildActionMask = 2147483647;
			files = (
			);
			runOnlyForDeploymentPostprocessing = 0;
		};
/* End PBXFrameworksBuildPhase section */

/* Begin PBXGroup section */
		B2173F8C2A42B2A5006F53E5 = {
			isa = PBXGroup;
			children = (
				B2173F972A42B2A5006F53E5 /* Apple-Frameworks */,
				B2173F962A42B2A5006F53E5 /* Products */,
			);
			sourceTree = "<group>";
		};
		B2173F962A42B2A5006F53E5 /* Products */ = {
			isa = PBXGroup;
			children = (
				B2173F952A42B2A5006F53E5 /* Apple-Frameworks.app */,
			);
			name = Products;
			sourceTree = "<group>";
		};
		B2173F972A42B2A5006F53E5 /* Apple-Frameworks */ = {
			isa = PBXGroup;
			children = (
				B2CDE3612A4525E300E2EF7A /* UIKit Components */,
				B2CDE35E2A45253500E2EF7A /* Views */,
				B2CDE35D2A4524E500E2EF7A /* Model */,
				B2CDE35A2A4523CC00E2EF7A /* Screens */,
				B2173F9C2A42B2A6006F53E5 /* Assets.xcassets */,
				B2173F9E2A42B2A6006F53E5 /* Preview Content */,
				B2173F982A42B2A5006F53E5 /* Apple_FrameworksApp.swift */,
			);
			path = "Apple-Frameworks";
			sourceTree = "<group>";
		};
		B2173F9E2A42B2A6006F53E5 /* Preview Content */ = {
			isa = PBXGroup;
			children = (
				B2173F9F2A42B2A6006F53E5 /* Preview Assets.xcassets */,
			);
			path = "Preview Content";
			sourceTree = "<group>";
		};
		B2CDE35A2A4523CC00E2EF7A /* Screens */ = {
			isa = PBXGroup;
			children = (
				B2CDE35C2A4524B100E2EF7A /* FrameworkDetailView */,
				B2CDE35B2A4523D600E2EF7A /* FrameworkGridView */,
			);
			path = Screens;
			sourceTree = "<group>";
		};
		B2CDE35B2A4523D600E2EF7A /* FrameworkGridView */ = {
			isa = PBXGroup;
			children = (
				B2173FA82A42B3DE006F53E5 /* FrameworkGridView.swift */,
				B2074B5E2A4403CF00C6755F /* FrameworkGridViewModel.swift */,
			);
			path = FrameworkGridView;
			sourceTree = "<group>";
		};
		B2CDE35C2A4524B100E2EF7A /* FrameworkDetailView */ = {
			isa = PBXGroup;
			children = (
				B2074B5A2A43FEFB00C6755F /* FrameworkDetailView.swift */,
			);
			path = FrameworkDetailView;
			sourceTree = "<group>";
		};
		B2CDE35D2A4524E500E2EF7A /* Model */ = {
			isa = PBXGroup;
			children = (
				B2173FA62A42B2D0006F53E5 /* Framework.swift */,
			);
			path = Model;
			sourceTree = "<group>";
		};
		B2CDE35E2A45253500E2EF7A /* Views */ = {
			isa = PBXGroup;
			children = (
				B2CDE3602A45255500E2EF7A /* View */,
				B2CDE35F2A45254200E2EF7A /* Buttons */,
			);
			path = Views;
			sourceTree = "<group>";
		};
		B2CDE35F2A45254200E2EF7A /* Buttons */ = {
			isa = PBXGroup;
			children = (
				B2074B5C2A44011400C6755F /* AFButton.swift */,
				B2CDE3582A4522EB00E2EF7A /* XDismissButton.swift */,
			);
			path = Buttons;
			sourceTree = "<group>";
		};
		B2CDE3602A45255500E2EF7A /* View */ = {
			isa = PBXGroup;
			children = (
				B2CDE3562A45228B00E2EF7A /* FrameworkTitleView.swift */,
			);
			path = View;
			sourceTree = "<group>";
		};
		B2CDE3612A4525E300E2EF7A /* UIKit Components */ = {
			isa = PBXGroup;
			children = (
				B2074B602A4407F300C6755F /* SafariView.swift */,
			);
			path = "UIKit Components";
			sourceTree = "<group>";
		};
/* End PBXGroup section */

/* Begin PBXNativeTarget section */
		B2173F942A42B2A5006F53E5 /* Apple-Frameworks */ = {
			isa = PBXNativeTarget;
			buildConfigurationList = B2173FA32A42B2A6006F53E5 /* Build configuration list for PBXNativeTarget "Apple-Frameworks" */;
			buildPhases = (
				B2173F912A42B2A5006F53E5 /* Sources */,
				B2173F922A42B2A5006F53E5 /* Frameworks */,
				B2173F932A42B2A5006F53E5 /* Resources */,
			);
			buildRules = (
			);
			dependencies = (
			);
			name = "Apple-Frameworks";
			productName = "Apple-Frameworks";
			productReference = B2173F952A42B2A5006F53E5 /* Apple-Frameworks.app */;
			productType = "com.apple.product-type.application";
		};
/* End PBXNativeTarget section */

/* Begin PBXProject section */
		B2173F8D2A42B2A5006F53E5 /* Project object */ = {
			isa = PBXProject;
			attributes = {
				BuildIndependentTargetsInParallel = 1;
				LastSwiftUpdateCheck = 1430;
				LastUpgradeCheck = 1430;
				TargetAttributes = {
					B2173F942A42B2A5006F53E5 = {
						CreatedOnToolsVersion = 14.3.1;
					};
				};
			};
			buildConfigurationList = B2173F902A42B2A5006F53E5 /* Build configuration list for PBXProject "Apple-Frameworks" */;
			compatibilityVersion = "Xcode 14.0";
			developmentRegion = en;
			hasScannedForEncodings = 0;
			knownRegions = (
				en,
				Base,
			);
			mainGroup = B2173F8C2A42B2A5006F53E5;
			productRefGroup = B2173F962A42B2A5006F53E5 /* Products */;
			projectDirPath = "";
			projectRoot = "";
			targets = (
				B2173F942A42B2A5006F53E5 /* Apple-Frameworks */,
			);
		};
/* End PBXProject section */

/* Begin PBXResourcesBuildPhase section */
		B2173F932A42B2A5006F53E5 /* Resources */ = {
			isa = PBXResourcesBuildPhase;
			buildActionMask = 2147483647;
			files = (
				B2173FA02A42B2A6006F53E5 /* Preview Assets.xcassets in Resources */,
				B2173F9D2A42B2A6006F53E5 /* Assets.xcassets in Resources */,
			);
			runOnlyForDeploymentPostprocessing = 0;
		};
/* End PBXResourcesBuildPhase section */

/* Begin PBXSourcesBuildPhase section */
		B2173F912A42B2A5006F53E5 /* Sources */ = {
			isa = PBXSourcesBuildPhase;
			buildActionMask = 2147483647;
			files = (
				B2074B5B2A43FEFB00C6755F /* FrameworkDetailView.swift in Sources */,
				B2173FA92A42B3DE006F53E5 /* FrameworkGridView.swift in Sources */,
				B2CDE3592A4522EB00E2EF7A /* XDismissButton.swift in Sources */,
				B2173FA72A42B2D0006F53E5 /* Framework.swift in Sources */,
				B2074B5D2A44011400C6755F /* AFButton.swift in Sources */,
				B2173F992A42B2A5006F53E5 /* Apple_FrameworksApp.swift in Sources */,
				B2074B5F2A4403CF00C6755F /* FrameworkGridViewModel.swift in Sources */,
				B2CDE3572A45228B00E2EF7A /* FrameworkTitleView.swift in Sources */,
				B2074B612A4407F300C6755F /* SafariView.swift in Sources */,
			);
			runOnlyForDeploymentPostprocessing = 0;
		};
/* End PBXSourcesBuildPhase section */

/* Begin XCBuildConfiguration section */
		B2173FA12A42B2A6006F53E5 /* Debug */ = {
			isa = XCBuildConfiguration;
			buildSettings = {
				ALWAYS_SEARCH_USER_PATHS = NO;
				CLANG_ANALYZER_NONNULL = YES;
				CLANG_ANALYZER_NUMBER_OBJECT_CONVERSION = YES_AGGRESSIVE;
				CLANG_CXX_LANGUAGE_STANDARD = "gnu++20";
				CLANG_ENABLE_MODULES = YES;
				CLANG_ENABLE_OBJC_ARC = YES;
				CLANG_ENABLE_OBJC_WEAK = YES;
				CLANG_WARN_BLOCK_CAPTURE_AUTORELEASING = YES;
				CLANG_WARN_BOOL_CONVERSION = YES;
				CLANG_WARN_COMMA = YES;
				CLANG_WARN_CONSTANT_CONVERSION = YES;
				CLANG_WARN_DEPRECATED_OBJC_IMPLEMENTATIONS = YES;
				CLANG_WARN_DIRECT_OBJC_ISA_USAGE = YES_ERROR;
				CLANG_WARN_DOCUMENTATION_COMMENTS = YES;
				CLANG_WARN_EMPTY_BODY = YES;
				CLANG_WARN_ENUM_CONVERSION = YES;
				CLANG_WARN_INFINITE_RECURSION = YES;
				CLANG_WARN_INT_CONVERSION = YES;
				CLANG_WARN_NON_LITERAL_NULL_CONVERSION = YES;
				CLANG_WARN_OBJC_IMPLICIT_RETAIN_SELF = YES;
				CLANG_WARN_OBJC_LITERAL_CONVERSION = YES;
				CLANG_WARN_OBJC_ROOT_CLASS = YES_ERROR;
				CLANG_WARN_QUOTED_INCLUDE_IN_FRAMEWORK_HEADER = YES;
				CLANG_WARN_RANGE_LOOP_ANALYSIS = YES;
				CLANG_WARN_STRICT_PROTOTYPES = YES;
				CLANG_WARN_SUSPICIOUS_MOVE = YES;
				CLANG_WARN_UNGUARDED_AVAILABILITY = YES_AGGRESSIVE;
				CLANG_WARN_UNREACHABLE_CODE = YES;
				CLANG_WARN__DUPLICATE_METHOD_MATCH = YES;
				COPY_PHASE_STRIP = NO;
				DEBUG_INFORMATION_FORMAT = dwarf;
				ENABLE_STRICT_OBJC_MSGSEND = YES;
				ENABLE_TESTABILITY = YES;
				GCC_C_LANGUAGE_STANDARD = gnu11;
				GCC_DYNAMIC_NO_PIC = NO;
				GCC_NO_COMMON_BLOCKS = YES;
				GCC_OPTIMIZATION_LEVEL = 0;
				GCC_PREPROCESSOR_DEFINITIONS = (
					"DEBUG=1",
					"$(inherited)",
				);
				GCC_WARN_64_TO_32_BIT_CONVERSION = YES;
				GCC_WARN_ABOUT_RETURN_TYPE = YES_ERROR;
				GCC_WARN_UNDECLARED_SELECTOR = YES;
				GCC_WARN_UNINITIALIZED_AUTOS = YES_AGGRESSIVE;
				GCC_WARN_UNUSED_FUNCTION = YES;
				GCC_WARN_UNUSED_VARIABLE = YES;
				IPHONEOS_DEPLOYMENT_TARGET = 16.4;
				MTL_ENABLE_DEBUG_INFO = INCLUDE_SOURCE;
				MTL_FAST_MATH = YES;
				ONLY_ACTIVE_ARCH = YES;
				SDKROOT = iphoneos;
				SWIFT_ACTIVE_COMPILATION_CONDITIONS = DEBUG;
				SWIFT_OPTIMIZATION_LEVEL = "-Onone";
			};
			name = Debug;
		};
		B2173FA22A42B2A6006F53E5 /* Release */ = {
			isa = XCBuildConfiguration;
			buildSettings = {
				ALWAYS_SEARCH_USER_PATHS = NO;
				CLANG_ANALYZER_NONNULL = YES;
				CLANG_ANALYZER_NUMBER_OBJECT_CONVERSION = YES_AGGRESSIVE;
				CLANG_CXX_LANGUAGE_STANDARD = "gnu++20";
				CLANG_ENABLE_MODULES = YES;
				CLANG_ENABLE_OBJC_ARC = YES;
				CLANG_ENABLE_OBJC_WEAK = YES;
				CLANG_WARN_BLOCK_CAPTURE_AUTORELEASING = YES;
				CLANG_WARN_BOOL_CONVERSION = YES;
				CLANG_WARN_COMMA = YES;
				CLANG_WARN_CONSTANT_CONVERSION = YES;
				CLANG_WARN_DEPRECATED_OBJC_IMPLEMENTATIONS = YES;
				CLANG_WARN_DIRECT_OBJC_ISA_USAGE = YES_ERROR;
				CLANG_WARN_DOCUMENTATION_COMMENTS = YES;
				CLANG_WARN_EMPTY_BODY = YES;
				CLANG_WARN_ENUM_CONVERSION = YES;
				CLANG_WARN_INFINITE_RECURSION = YES;
				CLANG_WARN_INT_CONVERSION = YES;
				CLANG_WARN_NON_LITERAL_NULL_CONVERSION = YES;
				CLANG_WARN_OBJC_IMPLICIT_RETAIN_SELF = YES;
				CLANG_WARN_OBJC_LITERAL_CONVERSION = YES;
				CLANG_WARN_OBJC_ROOT_CLASS = YES_ERROR;
				CLANG_WARN_QUOTED_INCLUDE_IN_FRAMEWORK_HEADER = YES;
				CLANG_WARN_RANGE_LOOP_ANALYSIS = YES;
				CLANG_WARN_STRICT_PROTOTYPES = YES;
				CLANG_WARN_SUSPICIOUS_MOVE = YES;
				CLANG_WARN_UNGUARDED_AVAILABILITY = YES_AGGRESSIVE;
				CLANG_WARN_UNREACHABLE_CODE = YES;
				CLANG_WARN__DUPLICATE_METHOD_MATCH = YES;
				COPY_PHASE_STRIP = NO;
				DEBUG_INFORMATION_FORMAT = "dwarf-with-dsym";
				ENABLE_NS_ASSERTIONS = NO;
				ENABLE_STRICT_OBJC_MSGSEND = YES;
				GCC_C_LANGUAGE_STANDARD = gnu11;
				GCC_NO_COMMON_BLOCKS = YES;
				GCC_WARN_64_TO_32_BIT_CONVERSION = YES;
				GCC_WARN_ABOUT_RETURN_TYPE = YES_ERROR;
				GCC_WARN_UNDECLARED_SELECTOR = YES;
				GCC_WARN_UNINITIALIZED_AUTOS = YES_AGGRESSIVE;
				GCC_WARN_UNUSED_FUNCTION = YES;
				GCC_WARN_UNUSED_VARIABLE = YES;
				IPHONEOS_DEPLOYMENT_TARGET = 16.4;
				MTL_ENABLE_DEBUG_INFO = NO;
				MTL_FAST_MATH = YES;
				SDKROOT = iphoneos;
				SWIFT_COMPILATION_MODE = wholemodule;
				SWIFT_OPTIMIZATION_LEVEL = "-O";
				VALIDATE_PRODUCT = YES;
			};
			name = Release;
		};
		B2173FA42A42B2A6006F53E5 /* Debug */ = {
			isa = XCBuildConfiguration;
			buildSettings = {
				ASSETCATALOG_COMPILER_APPICON_NAME = AppIcon;
				ASSETCATALOG_COMPILER_GLOBAL_ACCENT_COLOR_NAME = AccentColor;
				CODE_SIGN_STYLE = Automatic;
				CURRENT_PROJECT_VERSION = 1;
				DEVELOPMENT_ASSET_PATHS = "\"Apple-Frameworks/Preview Content\"";
				ENABLE_PREVIEWS = YES;
				GENERATE_INFOPLIST_FILE = YES;
				INFOPLIST_KEY_UIApplicationSceneManifest_Generation = YES;
				INFOPLIST_KEY_UIApplicationSupportsIndirectInputEvents = YES;
				INFOPLIST_KEY_UILaunchScreen_Generation = YES;
				INFOPLIST_KEY_UISupportedInterfaceOrientations_iPad = "UIInterfaceOrientationPortrait UIInterfaceOrientationPortraitUpsideDown UIInterfaceOrientationLandscapeLeft UIInterfaceOrientationLandscapeRight";
				INFOPLIST_KEY_UISupportedInterfaceOrientations_iPhone = "UIInterfaceOrientationPortrait UIInterfaceOrientationLandscapeLeft UIInterfaceOrientationLandscapeRight";
				LD_RUNPATH_SEARCH_PATHS = (
					"$(inherited)",
					"@executable_path/Frameworks",
				);
				MARKETING_VERSION = 1.0;
				PRODUCT_BUNDLE_IDENTIFIER = "Test.Apple-Frameworks";
				PRODUCT_NAME = "$(TARGET_NAME)";
				SWIFT_EMIT_LOC_STRINGS = YES;
				SWIFT_VERSION = 5.0;
				TARGETED_DEVICE_FAMILY = "1,2";
			};
			name = Debug;
		};
		B2173FA52A42B2A6006F53E5 /* Release */ = {
			isa = XCBuildConfiguration;
			buildSettings = {
				ASSETCATALOG_COMPILER_APPICON_NAME = AppIcon;
				ASSETCATALOG_COMPILER_GLOBAL_ACCENT_COLOR_NAME = AccentColor;
				CODE_SIGN_STYLE = Automatic;
				CURRENT_PROJECT_VERSION = 1;
				DEVELOPMENT_ASSET_PATHS = "\"Apple-Frameworks/Preview Content\"";
				ENABLE_PREVIEWS = YES;
				GENERATE_INFOPLIST_FILE = YES;
				INFOPLIST_KEY_UIApplicationSceneManifest_Generation = YES;
				INFOPLIST_KEY_UIApplicationSupportsIndirectInputEvents = YES;
				INFOPLIST_KEY_UILaunchScreen_Generation = YES;
				INFOPLIST_KEY_UISupportedInterfaceOrientations_iPad = "UIInterfaceOrientationPortrait UIInterfaceOrientationPortraitUpsideDown UIInterfaceOrientationLandscapeLeft UIInterfaceOrientationLandscapeRight";
				INFOPLIST_KEY_UISupportedInterfaceOrientations_iPhone = "UIInterfaceOrientationPortrait UIInterfaceOrientationLandscapeLeft UIInterfaceOrientationLandscapeRight";
				LD_RUNPATH_SEARCH_PATHS = (
					"$(inherited)",
					"@executable_path/Frameworks",
				);
				MARKETING_VERSION = 1.0;
				PRODUCT_BUNDLE_IDENTIFIER = "Test.Apple-Frameworks";
				PRODUCT_NAME = "$(TARGET_NAME)";
				SWIFT_EMIT_LOC_STRINGS = YES;
				SWIFT_VERSION = 5.0;
				TARGETED_DEVICE_FAMILY = "1,2";
			};
			name = Release;
		};
/* End XCBuildConfiguration section */

/* Begin XCConfigurationList section */
		B2173F902A42B2A5006F53E5 /* Build configuration list for PBXProject "Apple-Frameworks" */ = {
			isa = XCConfigurationList;
			buildConfigurations = (
				B2173FA12A42B2A6006F53E5 /* Debug */,
				B2173FA22A42B2A6006F53E5 /* Release */,
			);
			defaultConfigurationIsVisible = 0;
			defaultConfigurationName = Release;
		};
		B2173FA32A42B2A6006F53E5 /* Build configuration list for PBXNativeTarget "Apple-Frameworks" */ = {
			isa = XCConfigurationList;
			buildConfigurations = (
				B2173FA42A42B2A6006F53E5 /* Debug */,
				B2173FA52A42B2A6006F53E5 /* Release */,
			);
			defaultConfigurationIsVisible = 0;
			defaultConfigurationName = Release;
		};
/* End XCConfigurationList section */
	};
	rootObject = B2173F8D2A42B2A5006F53E5 /* Project object */;
}
